<Solution>
  <Folder Name="/src/">
    <Project Path="src/DataTorque.Api/DataTorque.Api.csproj" />
  </Folder>
  <Folder Name="/tests/">
    <Project Path="tests/DataTorque.Api.Tests/DataTorque.Api.Tests.csproj" />
  </Folder>
<Project Path="WeatherAppFrontEnd/weatherappfrontend.esproj">
    <Build />
    <Deploy />
  </Project>
</Solution>
